// !$*UTF8*$!
{
	archiveVersion = 1;
	classes = {
	};
	objectVersion = 50;
	objects = {

/* Begin PBXBuildFile section */
		50B8113C21415B8700356CAA /* AppDelegate.swift in Sources */ = {isa = PBXBuildFile; fileRef = 50B8113B21415B8700356CAA /* AppDelegate.swift */; };
		50B8114121415B8700356CAA /* Main.storyboard in Resources */ = {isa = PBXBuildFile; fileRef = 50B8113F21415B8700356CAA /* Main.storyboard */; };
		50B8114321415B8800356CAA /* Assets.xcassets in Resources */ = {isa = PBXBuildFile; fileRef = 50B8114221415B8800356CAA /* Assets.xcassets */; };
		50B8114621415B8800356CAA /* LaunchScreen.storyboard in Resources */ = {isa = PBXBuildFile; fileRef = 50B8114421415B8800356CAA /* LaunchScreen.storyboard */; };
		50B8115121415B8800356CAA /* Fake_TumblrTests.swift in Sources */ = {isa = PBXBuildFile; fileRef = 50B8115021415B8800356CAA /* Fake_TumblrTests.swift */; };
		50B8115C21415B8800356CAA /* Fake_TumblrUITests.swift in Sources */ = {isa = PBXBuildFile; fileRef = 50B8115B21415B8800356CAA /* Fake_TumblrUITests.swift */; };
		50E403882141F6BC00869FA8 /* PhotosViewController.swift in Sources */ = {isa = PBXBuildFile; fileRef = 50E403872141F6BC00869FA8 /* PhotosViewController.swift */; };
		643FAF14ED9C92D1D87B9C8F /* Pods_Fake_TumblrTests.framework in Frameworks */ = {isa = PBXBuildFile; fileRef = 1C8738B59775174FFA321928 /* Pods_Fake_TumblrTests.framework */; };
		74D4B78F865A02358586B485 /* Pods_Fake_TumblrUITests.framework in Frameworks */ = {isa = PBXBuildFile; fileRef = ABFEAEED4A845F820CF3F8BF /* Pods_Fake_TumblrUITests.framework */; };
		C97F8C8C1091054A7C5EAF91 /* Pods_Fake_Tumblr.framework in Frameworks */ = {isa = PBXBuildFile; fileRef = 51B85A2FD8756113E9E1C206 /* Pods_Fake_Tumblr.framework */; };
/* End PBXBuildFile section */

/* Begin PBXContainerItemProxy section */
		50B8114D21415B8800356CAA /* PBXContainerItemProxy */ = {
			isa = PBXContainerItemProxy;
			containerPortal = 50B8113021415B8700356CAA /* Project object */;
			proxyType = 1;
			remoteGlobalIDString = 50B8113721415B8700356CAA;
			remoteInfo = Fake_Tumblr;
		};
		50B8115821415B8800356CAA /* PBXContainerItemProxy */ = {
			isa = PBXContainerItemProxy;
			containerPortal = 50B8113021415B8700356CAA /* Project object */;
			proxyType = 1;
			remoteGlobalIDString = 50B8113721415B8700356CAA;
			remoteInfo = Fake_Tumblr;
		};
/* End PBXContainerItemProxy section */

/* Begin PBXFileReference section */
		0C9A7A71AFE34C671E7316B7 /* Pods-Fake_Tumblr.release.xcconfig */ = {isa = PBXFileReference; includeInIndex = 1; lastKnownFileType = text.xcconfig; name = "Pods-Fake_Tumblr.release.xcconfig"; path = "Pods/Target Support Files/Pods-Fake_Tumblr/Pods-Fake_Tumblr.release.xcconfig"; sourceTree = "<group>"; };
		137F7F7DAC1FEBE2B7E5B370 /* Pods-Fake_TumblrTests.release.xcconfig */ = {isa = PBXFileReference; includeInIndex = 1; lastKnownFileType = text.xcconfig; name = "Pods-Fake_TumblrTests.release.xcconfig"; path = "Pods/Target Support Files/Pods-Fake_TumblrTests/Pods-Fake_TumblrTests.release.xcconfig"; sourceTree = "<group>"; };
		1C8738B59775174FFA321928 /* Pods_Fake_TumblrTests.framework */ = {isa = PBXFileReference; explicitFileType = wrapper.framework; includeInIndex = 0; path = Pods_Fake_TumblrTests.framework; sourceTree = BUILT_PRODUCTS_DIR; };
		1E3A7DB369C0BE99245E6BAC /* Pods-Fake_TumblrTests.debug.xcconfig */ = {isa = PBXFileReference; includeInIndex = 1; lastKnownFileType = text.xcconfig; name = "Pods-Fake_TumblrTests.debug.xcconfig"; path = "Pods/Target Support Files/Pods-Fake_TumblrTests/Pods-Fake_TumblrTests.debug.xcconfig"; sourceTree = "<group>"; };
		372CB607B1D060F39B73742D /* Pods-Fake_TumblrUITests.release.xcconfig */ = {isa = PBXFileReference; includeInIndex = 1; lastKnownFileType = text.xcconfig; name = "Pods-Fake_TumblrUITests.release.xcconfig"; path = "Pods/Target Support Files/Pods-Fake_TumblrUITests/Pods-Fake_TumblrUITests.release.xcconfig"; sourceTree = "<group>"; };
		50B8113821415B8700356CAA /* Fake_Tumblr.app */ = {isa = PBXFileReference; explicitFileType = wrapper.application; includeInIndex = 0; path = Fake_Tumblr.app; sourceTree = BUILT_PRODUCTS_DIR; };
		50B8113B21415B8700356CAA /* AppDelegate.swift */ = {isa = PBXFileReference; lastKnownFileType = sourcecode.swift; path = AppDelegate.swift; sourceTree = "<group>"; };
		50B8114021415B8700356CAA /* Base */ = {isa = PBXFileReference; lastKnownFileType = file.storyboard; name = Base; path = Base.lproj/Main.storyboard; sourceTree = "<group>"; };
		50B8114221415B8800356CAA /* Assets.xcassets */ = {isa = PBXFileReference; lastKnownFileType = folder.assetcatalog; path = Assets.xcassets; sourceTree = "<group>"; };
		50B8114521415B8800356CAA /* Base */ = {isa = PBXFileReference; lastKnownFileType = file.storyboard; name = Base; path = Base.lproj/LaunchScreen.storyboard; sourceTree = "<group>"; };
		50B8114721415B8800356CAA /* Info.plist */ = {isa = PBXFileReference; lastKnownFileType = text.plist.xml; path = Info.plist; sourceTree = "<group>"; };
		50B8114C21415B8800356CAA /* Fake_TumblrTests.xctest */ = {isa = PBXFileReference; explicitFileType = wrapper.cfbundle; includeInIndex = 0; path = Fake_TumblrTests.xctest; sourceTree = BUILT_PRODUCTS_DIR; };
		50B8115021415B8800356CAA /* Fake_TumblrTests.swift */ = {isa = PBXFileReference; lastKnownFileType = sourcecode.swift; path = Fake_TumblrTests.swift; sourceTree = "<group>"; };
		50B8115221415B8800356CAA /* Info.plist */ = {isa = PBXFileReference; lastKnownFileType = text.plist.xml; path = Info.plist; sourceTree = "<group>"; };
		50B8115721415B8800356CAA /* Fake_TumblrUITests.xctest */ = {isa = PBXFileReference; explicitFileType = wrapper.cfbundle; includeInIndex = 0; path = Fake_TumblrUITests.xctest; sourceTree = BUILT_PRODUCTS_DIR; };
		50B8115B21415B8800356CAA /* Fake_TumblrUITests.swift */ = {isa = PBXFileReference; lastKnownFileType = sourcecode.swift; path = Fake_TumblrUITests.swift; sourceTree = "<group>"; };
		50B8115D21415B8800356CAA /* Info.plist */ = {isa = PBXFileReference; lastKnownFileType = text.plist.xml; path = Info.plist; sourceTree = "<group>"; };
		50E403872141F6BC00869FA8 /* PhotosViewController.swift */ = {isa = PBXFileReference; lastKnownFileType = sourcecode.swift; path = PhotosViewController.swift; sourceTree = "<group>"; };
		51B85A2FD8756113E9E1C206 /* Pods_Fake_Tumblr.framework */ = {isa = PBXFileReference; explicitFileType = wrapper.framework; includeInIndex = 0; path = Pods_Fake_Tumblr.framework; sourceTree = BUILT_PRODUCTS_DIR; };
		8EB21963129DE36538A59A82 /* Pods-Fake_TumblrUITests.debug.xcconfig */ = {isa = PBXFileReference; includeInIndex = 1; lastKnownFileType = text.xcconfig; name = "Pods-Fake_TumblrUITests.debug.xcconfig"; path = "Pods/Target Support Files/Pods-Fake_TumblrUITests/Pods-Fake_TumblrUITests.debug.xcconfig"; sourceTree = "<group>"; };
		ABFEAEED4A845F820CF3F8BF /* Pods_Fake_TumblrUITests.framework */ = {isa = PBXFileReference; explicitFileType = wrapper.framework; includeInIndex = 0; path = Pods_Fake_TumblrUITests.framework; sourceTree = BUILT_PRODUCTS_DIR; };
		CB0FA52631F540482678E31A /* Pods-Fake_Tumblr.debug.xcconfig */ = {isa = PBXFileReference; includeInIndex = 1; lastKnownFileType = text.xcconfig; name = "Pods-Fake_Tumblr.debug.xcconfig"; path = "Pods/Target Support Files/Pods-Fake_Tumblr/Pods-Fake_Tumblr.debug.xcconfig"; sourceTree = "<group>"; };
/* End PBXFileReference section */

/* Begin PBXFrameworksBuildPhase section */
		50B8113521415B8700356CAA /* Frameworks */ = {
			isa = PBXFrameworksBuildPhase;
			buildActionMask = 2147483647;
			files = (
				C97F8C8C1091054A7C5EAF91 /* Pods_Fake_Tumblr.framework in Frameworks */,
			);
			runOnlyForDeploymentPostprocessing = 0;
		};
		50B8114921415B8800356CAA /* Frameworks */ = {
			isa = PBXFrameworksBuildPhase;
			buildActionMask = 2147483647;
			files = (
				643FAF14ED9C92D1D87B9C8F /* Pods_Fake_TumblrTests.framework in Frameworks */,
			);
			runOnlyForDeploymentPostprocessing = 0;
		};
		50B8115421415B8800356CAA /* Frameworks */ = {
			isa = PBXFrameworksBuildPhase;
			buildActionMask = 2147483647;
			files = (
				74D4B78F865A02358586B485 /* Pods_Fake_TumblrUITests.framework in Frameworks */,
			);
			runOnlyForDeploymentPostprocessing = 0;
		};
/* End PBXFrameworksBuildPhase section */

/* Begin PBXGroup section */
		169F91EF1AB4B777FE44A8AA /* Pods */ = {
			isa = PBXGroup;
			children = (
				CB0FA52631F540482678E31A /* Pods-Fake_Tumblr.debug.xcconfig */,
				0C9A7A71AFE34C671E7316B7 /* Pods-Fake_Tumblr.release.xcconfig */,
				1E3A7DB369C0BE99245E6BAC /* Pods-Fake_TumblrTests.debug.xcconfig */,
				137F7F7DAC1FEBE2B7E5B370 /* Pods-Fake_TumblrTests.release.xcconfig */,
				8EB21963129DE36538A59A82 /* Pods-Fake_TumblrUITests.debug.xcconfig */,
				372CB607B1D060F39B73742D /* Pods-Fake_TumblrUITests.release.xcconfig */,
			);
			name = Pods;
			sourceTree = "<group>";
		};
		50B8112F21415B8700356CAA = {
			isa = PBXGroup;
			children = (
				50B8113A21415B8700356CAA /* Fake_Tumblr */,
				50B8114F21415B8800356CAA /* Fake_TumblrTests */,
				50B8115A21415B8800356CAA /* Fake_TumblrUITests */,
				50B8113921415B8700356CAA /* Products */,
				169F91EF1AB4B777FE44A8AA /* Pods */,
				D9A4CB0725BFF2E85FDDF520 /* Frameworks */,
			);
			sourceTree = "<group>";
		};
		50B8113921415B8700356CAA /* Products */ = {
			isa = PBXGroup;
			children = (
				50B8113821415B8700356CAA /* Fake_Tumblr.app */,
				50B8114C21415B8800356CAA /* Fake_TumblrTests.xctest */,
				50B8115721415B8800356CAA /* Fake_TumblrUITests.xctest */,
			);
			name = Products;
			sourceTree = "<group>";
		};
		50B8113A21415B8700356CAA /* Fake_Tumblr */ = {
			isa = PBXGroup;
			children = (
				50B8113B21415B8700356CAA /* AppDelegate.swift */,
				50B8113F21415B8700356CAA /* Main.storyboard */,
				50B8114221415B8800356CAA /* Assets.xcassets */,
				50B8114421415B8800356CAA /* LaunchScreen.storyboard */,
				50B8114721415B8800356CAA /* Info.plist */,
				50E403872141F6BC00869FA8 /* PhotosViewController.swift */,
			);
			path = Fake_Tumblr;
			sourceTree = "<group>";
		};
		50B8114F21415B8800356CAA /* Fake_TumblrTests */ = {
			isa = PBXGroup;
			children = (
				50B8115021415B8800356CAA /* Fake_TumblrTests.swift */,
				50B8115221415B8800356CAA /* Info.plist */,
			);
			path = Fake_TumblrTests;
			sourceTree = "<group>";
		};
		50B8115A21415B8800356CAA /* Fake_TumblrUITests */ = {
			isa = PBXGroup;
			children = (
				50B8115B21415B8800356CAA /* Fake_TumblrUITests.swift */,
				50B8115D21415B8800356CAA /* Info.plist */,
			);
			path = Fake_TumblrUITests;
			sourceTree = "<group>";
		};
		D9A4CB0725BFF2E85FDDF520 /* Frameworks */ = {
			isa = PBXGroup;
			children = (
				51B85A2FD8756113E9E1C206 /* Pods_Fake_Tumblr.framework */,
				1C8738B59775174FFA321928 /* Pods_Fake_TumblrTests.framework */,
				ABFEAEED4A845F820CF3F8BF /* Pods_Fake_TumblrUITests.framework */,
			);
			name = Frameworks;
			sourceTree = "<group>";
		};
/* End PBXGroup section */

/* Begin PBXNativeTarget section */
		50B8113721415B8700356CAA /* Fake_Tumblr */ = {
			isa = PBXNativeTarget;
			buildConfigurationList = 50B8116021415B8800356CAA /* Build configuration list for PBXNativeTarget "Fake_Tumblr" */;
			buildPhases = (
				B520029CB79693006388227B /* [CP] Check Pods Manifest.lock */,
				50B8113421415B8700356CAA /* Sources */,
				50B8113521415B8700356CAA /* Frameworks */,
				50B8113621415B8700356CAA /* Resources */,
				1C8C3D157CFF57EA7E9922C1 /* [CP] Embed Pods Frameworks */,
			);
			buildRules = (
			);
			dependencies = (
			);
			name = Fake_Tumblr;
			productName = Fake_Tumblr;
			productReference = 50B8113821415B8700356CAA /* Fake_Tumblr.app */;
			productType = "com.apple.product-type.application";
		};
		50B8114B21415B8800356CAA /* Fake_TumblrTests */ = {
			isa = PBXNativeTarget;
			buildConfigurationList = 50B8116321415B8800356CAA /* Build configuration list for PBXNativeTarget "Fake_TumblrTests" */;
			buildPhases = (
				AA684A6DC2466E6BCA2F7010 /* [CP] Check Pods Manifest.lock */,
				50B8114821415B8800356CAA /* Sources */,
				50B8114921415B8800356CAA /* Frameworks */,
				50B8114A21415B8800356CAA /* Resources */,
			);
			buildRules = (
			);
			dependencies = (
				50B8114E21415B8800356CAA /* PBXTargetDependency */,
			);
			name = Fake_TumblrTests;
			productName = Fake_TumblrTests;
			productReference = 50B8114C21415B8800356CAA /* Fake_TumblrTests.xctest */;
			productType = "com.apple.product-type.bundle.unit-test";
		};
		50B8115621415B8800356CAA /* Fake_TumblrUITests */ = {
			isa = PBXNativeTarget;
			buildConfigurationList = 50B8116621415B8800356CAA /* Build configuration list for PBXNativeTarget "Fake_TumblrUITests" */;
			buildPhases = (
				828BB0493E2B1F7B07C3338A /* [CP] Check Pods Manifest.lock */,
				50B8115321415B8800356CAA /* Sources */,
				50B8115421415B8800356CAA /* Frameworks */,
				50B8115521415B8800356CAA /* Resources */,
			);
			buildRules = (
			);
			dependencies = (
				50B8115921415B8800356CAA /* PBXTargetDependency */,
			);
			name = Fake_TumblrUITests;
			productName = Fake_TumblrUITests;
			productReference = 50B8115721415B8800356CAA /* Fake_TumblrUITests.xctest */;
			productType = "com.apple.product-type.bundle.ui-testing";
		};
/* End PBXNativeTarget section */

/* Begin PBXProject section */
		50B8113021415B8700356CAA /* Project object */ = {
			isa = PBXProject;
			attributes = {
				LastSwiftUpdateCheck = 0940;
				LastUpgradeCheck = 0940;
				ORGANIZATIONNAME = "Whitney Griffith";
				TargetAttributes = {
					50B8113721415B8700356CAA = {
						CreatedOnToolsVersion = 9.4.1;
					};
					50B8114B21415B8800356CAA = {
						CreatedOnToolsVersion = 9.4.1;
						TestTargetID = 50B8113721415B8700356CAA;
					};
					50B8115621415B8800356CAA = {
						CreatedOnToolsVersion = 9.4.1;
						TestTargetID = 50B8113721415B8700356CAA;
					};
				};
			};
			buildConfigurationList = 50B8113321415B8700356CAA /* Build configuration list for PBXProject "Fake_Tumblr" */;
			compatibilityVersion = "Xcode 9.3";
			developmentRegion = en;
			hasScannedForEncodings = 0;
			knownRegions = (
				en,
				Base,
			);
			mainGroup = 50B8112F21415B8700356CAA;
			productRefGroup = 50B8113921415B8700356CAA /* Products */;
			projectDirPath = "";
			projectRoot = "";
			targets = (
				50B8113721415B8700356CAA /* Fake_Tumblr */,
				50B8114B21415B8800356CAA /* Fake_TumblrTests */,
				50B8115621415B8800356CAA /* Fake_TumblrUITests */,
			);
		};
/* End PBXProject section */

/* Begin PBXResourcesBuildPhase section */
		50B8113621415B8700356CAA /* Resources */ = {
			isa = PBXResourcesBuildPhase;
			buildActionMask = 2147483647;
			files = (
				50B8114621415B8800356CAA /* LaunchScreen.storyboard in Resources */,
				50B8114321415B8800356CAA /* Assets.xcassets in Resources */,
				50B8114121415B8700356CAA /* Main.storyboard in Resources */,
			);
			runOnlyForDeploymentPostprocessing = 0;
		};
		50B8114A21415B8800356CAA /* Resources */ = {
			isa = PBXResourcesBuildPhase;
			buildActionMask = 2147483647;
			files = (
			);
			runOnlyForDeploymentPostprocessing = 0;
		};
		50B8115521415B8800356CAA /* Resources */ = {
			isa = PBXResourcesBuildPhase;
			buildActionMask = 2147483647;
			files = (
			);
			runOnlyForDeploymentPostprocessing = 0;
		};
/* End PBXResourcesBuildPhase section */

/* Begin PBXShellScriptBuildPhase section */
		1C8C3D157CFF57EA7E9922C1 /* [CP] Embed Pods Frameworks */ = {
			isa = PBXShellScriptBuildPhase;
			buildActionMask = 2147483647;
			files = (
			);
			inputPaths = (
				"${SRCROOT}/Pods/Target Support Files/Pods-Fake_Tumblr/Pods-Fake_Tumblr-frameworks.sh",
				"${BUILT_PRODUCTS_DIR}/Alamofire/Alamofire.framework",
				"${BUILT_PRODUCTS_DIR}/AlamofireImage/AlamofireImage.framework",
			);
			name = "[CP] Embed Pods Frameworks";
			outputPaths = (
				"${TARGET_BUILD_DIR}/${FRAMEWORKS_FOLDER_PATH}/Alamofire.framework",
				"${TARGET_BUILD_DIR}/${FRAMEWORKS_FOLDER_PATH}/AlamofireImage.framework",
			);
			runOnlyForDeploymentPostprocessing = 0;
			shellPath = /bin/sh;
			shellScript = "\"${SRCROOT}/Pods/Target Support Files/Pods-Fake_Tumblr/Pods-Fake_Tumblr-frameworks.sh\"\n";
			showEnvVarsInLog = 0;
		};
		828BB0493E2B1F7B07C3338A /* [CP] Check Pods Manifest.lock */ = {
			isa = PBXShellScriptBuildPhase;
			buildActionMask = 2147483647;
			files = (
			);
			inputPaths = (
				"${PODS_PODFILE_DIR_PATH}/Podfile.lock",
				"${PODS_ROOT}/Manifest.lock",
			);
			name = "[CP] Check Pods Manifest.lock";
			outputPaths = (
				"$(DERIVED_FILE_DIR)/Pods-Fake_TumblrUITests-checkManifestLockResult.txt",
			);
			runOnlyForDeploymentPostprocessing = 0;
			shellPath = /bin/sh;
			shellScript = "diff \"${PODS_PODFILE_DIR_PATH}/Podfile.lock\" \"${PODS_ROOT}/Manifest.lock\" > /dev/null\nif [ $? != 0 ] ; then\n    # print error to STDERR\n    echo \"error: The sandbox is not in sync with the Podfile.lock. Run 'pod install' or update your CocoaPods installation.\" >&2\n    exit 1\nfi\n# This output is used by Xcode 'outputs' to avoid re-running this script phase.\necho \"SUCCESS\" > \"${SCRIPT_OUTPUT_FILE_0}\"\n";
			showEnvVarsInLog = 0;
		};
		AA684A6DC2466E6BCA2F7010 /* [CP] Check Pods Manifest.lock */ = {
			isa = PBXShellScriptBuildPhase;
			buildActionMask = 2147483647;
			files = (
			);
			inputPaths = (
				"${PODS_PODFILE_DIR_PATH}/Podfile.lock",
				"${PODS_ROOT}/Manifest.lock",
			);
			name = "[CP] Check Pods Manifest.lock";
			outputPaths = (
				"$(DERIVED_FILE_DIR)/Pods-Fake_TumblrTests-checkManifestLockResult.txt",
			);
			runOnlyForDeploymentPostprocessing = 0;
			shellPath = /bin/sh;
			shellScript = "diff \"${PODS_PODFILE_DIR_PATH}/Podfile.lock\" \"${PODS_ROOT}/Manifest.lock\" > /dev/null\nif [ $? != 0 ] ; then\n    # print error to STDERR\n    echo \"error: The sandbox is not in sync with the Podfile.lock. Run 'pod install' or update your CocoaPods installation.\" >&2\n    exit 1\nfi\n# This output is used by Xcode 'outputs' to avoid re-running this script phase.\necho \"SUCCESS\" > \"${SCRIPT_OUTPUT_FILE_0}\"\n";
			showEnvVarsInLog = 0;
		};
		B520029CB79693006388227B /* [CP] Check Pods Manifest.lock */ = {
			isa = PBXShellScriptBuildPhase;
			buildActionMask = 2147483647;
			files = (
			);
			inputPaths = (
				"${PODS_PODFILE_DIR_PATH}/Podfile.lock",
				"${PODS_ROOT}/Manifest.lock",
			);
			name = "[CP] Check Pods Manifest.lock";
			outputPaths = (
				"$(DERIVED_FILE_DIR)/Pods-Fake_Tumblr-checkManifestLockResult.txt",
			);
			runOnlyForDeploymentPostprocessing = 0;
			shellPath = /bin/sh;
			shellScript = "diff \"${PODS_PODFILE_DIR_PATH}/Podfile.lock\" \"${PODS_ROOT}/Manifest.lock\" > /dev/null\nif [ $? != 0 ] ; then\n    # print error to STDERR\n    echo \"error: The sandbox is not in sync with the Podfile.lock. Run 'pod install' or update your CocoaPods installation.\" >&2\n    exit 1\nfi\n# This output is used by Xcode 'outputs' to avoid re-running this script phase.\necho \"SUCCESS\" > \"${SCRIPT_OUTPUT_FILE_0}\"\n";
			showEnvVarsInLog = 0;
		};
/* End PBXShellScriptBuildPhase section */

/* Begin PBXSourcesBuildPhase section */
		50B8113421415B8700356CAA /* Sources */ = {
			isa = PBXSourcesBuildPhase;
			buildActionMask = 2147483647;
			files = (
				50B8113C21415B8700356CAA /* AppDelegate.swift in Sources */,
				50E403882141F6BC00869FA8 /* PhotosViewController.swift in Sources */,
			);
			runOnlyForDeploymentPostprocessing = 0;
		};
		50B8114821415B8800356CAA /* Sources */ = {
			isa = PBXSourcesBuildPhase;
			buildActionMask = 2147483647;
			files = (
				50B8115121415B8800356CAA /* Fake_TumblrTests.swift in Sources */,
			);
			runOnlyForDeploymentPostprocessing = 0;
		};
		50B8115321415B8800356CAA /* Sources */ = {
			isa = PBXSourcesBuildPhase;
			buildActionMask = 2147483647;
			files = (
				50B8115C21415B8800356CAA /* Fake_TumblrUITests.swift in Sources */,
			);
			runOnlyForDeploymentPostprocessing = 0;
		};
/* End PBXSourcesBuildPhase section */

/* Begin PBXTargetDependency section */
		50B8114E21415B8800356CAA /* PBXTargetDependency */ = {
			isa = PBXTargetDependency;
			target = 50B8113721415B8700356CAA /* Fake_Tumblr */;
			targetProxy = 50B8114D21415B8800356CAA /* PBXContainerItemProxy */;
		};
		50B8115921415B8800356CAA /* PBXTargetDependency */ = {
			isa = PBXTargetDependency;
			target = 50B8113721415B8700356CAA /* Fake_Tumblr */;
			targetProxy = 50B8115821415B8800356CAA /* PBXContainerItemProxy */;
		};
/* End PBXTargetDependency section */

/* Begin PBXVariantGroup section */
		50B8113F21415B8700356CAA /* Main.storyboard */ = {
			isa = PBXVariantGroup;
			children = (
				50B8114021415B8700356CAA /* Base */,
			);
			name = Main.storyboard;
			sourceTree = "<group>";
		};
		50B8114421415B8800356CAA /* LaunchScreen.storyboard */ = {
			isa = PBXVariantGroup;
			children = (
				50B8114521415B8800356CAA /* Base */,
			);
			name = LaunchScreen.storyboard;
			sourceTree = "<group>";
		};
/* End PBXVariantGroup section */

/* Begin XCBuildConfiguration section */
		50B8115E21415B8800356CAA /* Debug */ = {
			isa = XCBuildConfiguration;
			buildSettings = {
				ALWAYS_SEARCH_USER_PATHS = NO;
				CLANG_ANALYZER_NONNULL = YES;
				CLANG_ANALYZER_NUMBER_OBJECT_CONVERSION = YES_AGGRESSIVE;
				CLANG_CXX_LANGUAGE_STANDARD = "gnu++14";
				CLANG_CXX_LIBRARY = "libc++";
				CLANG_ENABLE_MODULES = YES;
				CLANG_ENABLE_OBJC_ARC = YES;
				CLANG_ENABLE_OBJC_WEAK = YES;
				CLANG_WARN_BLOCK_CAPTURE_AUTORELEASING = YES;
				CLANG_WARN_BOOL_CONVERSION = YES;
				CLANG_WARN_COMMA = YES;
				CLANG_WARN_CONSTANT_CONVERSION = YES;
				CLANG_WARN_DEPRECATED_OBJC_IMPLEMENTATIONS = YES;
				CLANG_WARN_DIRECT_OBJC_ISA_USAGE = YES_ERROR;
				CLANG_WARN_DOCUMENTATION_COMMENTS = YES;
				CLANG_WARN_EMPTY_BODY = YES;
				CLANG_WARN_ENUM_CONVERSION = YES;
				CLANG_WARN_INFINITE_RECURSION = YES;
				CLANG_WARN_INT_CONVERSION = YES;
				CLANG_WARN_NON_LITERAL_NULL_CONVERSION = YES;
				CLANG_WARN_OBJC_IMPLICIT_RETAIN_SELF = YES;
				CLANG_WARN_OBJC_LITERAL_CONVERSION = YES;
				CLANG_WARN_OBJC_ROOT_CLASS = YES_ERROR;
				CLANG_WARN_RANGE_LOOP_ANALYSIS = YES;
				CLANG_WARN_STRICT_PROTOTYPES = YES;
				CLANG_WARN_SUSPICIOUS_MOVE = YES;
				CLANG_WARN_UNGUARDED_AVAILABILITY = YES_AGGRESSIVE;
				CLANG_WARN_UNREACHABLE_CODE = YES;
				CLANG_WARN__DUPLICATE_METHOD_MATCH = YES;
				CODE_SIGN_IDENTITY = "iPhone Developer";
				COPY_PHASE_STRIP = NO;
				DEBUG_INFORMATION_FORMAT = dwarf;
				ENABLE_STRICT_OBJC_MSGSEND = YES;
				ENABLE_TESTABILITY = YES;
				GCC_C_LANGUAGE_STANDARD = gnu11;
				GCC_DYNAMIC_NO_PIC = NO;
				GCC_NO_COMMON_BLOCKS = YES;
				GCC_OPTIMIZATION_LEVEL = 0;
				GCC_PREPROCESSOR_DEFINITIONS = (
					"DEBUG=1",
					"$(inherited)",
				);
				GCC_WARN_64_TO_32_BIT_CONVERSION = YES;
				GCC_WARN_ABOUT_RETURN_TYPE = YES_ERROR;
				GCC_WARN_UNDECLARED_SELECTOR = YES;
				GCC_WARN_UNINITIALIZED_AUTOS = YES_AGGRESSIVE;
				GCC_WARN_UNUSED_FUNCTION = YES;
				GCC_WARN_UNUSED_VARIABLE = YES;
				IPHONEOS_DEPLOYMENT_TARGET = 11.4;
				MTL_ENABLE_DEBUG_INFO = YES;
				ONLY_ACTIVE_ARCH = YES;
				SDKROOT = iphoneos;
				SWIFT_ACTIVE_COMPILATION_CONDITIONS = DEBUG;
				SWIFT_OPTIMIZATION_LEVEL = "-Onone";
			};
			name = Debug;
		};
		50B8115F21415B8800356CAA /* Release */ = {
			isa = XCBuildConfiguration;
			buildSettings = {
				ALWAYS_SEARCH_USER_PATHS = NO;
				CLANG_ANALYZER_NONNULL = YES;
				CLANG_ANALYZER_NUMBER_OBJECT_CONVERSION = YES_AGGRESSIVE;
				CLANG_CXX_LANGUAGE_STANDARD = "gnu++14";
				CLANG_CXX_LIBRARY = "libc++";
				CLANG_ENABLE_MODULES = YES;
				CLANG_ENABLE_OBJC_ARC = YES;
				CLANG_ENABLE_OBJC_WEAK = YES;
				CLANG_WARN_BLOCK_CAPTURE_AUTORELEASING = YES;
				CLANG_WARN_BOOL_CONVERSION = YES;
				CLANG_WARN_COMMA = YES;
				CLANG_WARN_CONSTANT_CONVERSION = YES;
				CLANG_WARN_DEPRECATED_OBJC_IMPLEMENTATIONS = YES;
				CLANG_WARN_DIRECT_OBJC_ISA_USAGE = YES_ERROR;
				CLANG_WARN_DOCUMENTATION_COMMENTS = YES;
				CLANG_WARN_EMPTY_BODY = YES;
				CLANG_WARN_ENUM_CONVERSION = YES;
				CLANG_WARN_INFINITE_RECURSION = YES;
				CLANG_WARN_INT_CONVERSION = YES;
				CLANG_WARN_NON_LITERAL_NULL_CONVERSION = YES;
				CLANG_WARN_OBJC_IMPLICIT_RETAIN_SELF = YES;
				CLANG_WARN_OBJC_LITERAL_CONVERSION = YES;
				CLANG_WARN_OBJC_ROOT_CLASS = YES_ERROR;
				CLANG_WARN_RANGE_LOOP_ANALYSIS = YES;
				CLANG_WARN_STRICT_PROTOTYPES = YES;
				CLANG_WARN_SUSPICIOUS_MOVE = YES;
				CLANG_WARN_UNGUARDED_AVAILABILITY = YES_AGGRESSIVE;
				CLANG_WARN_UNREACHABLE_CODE = YES;
				CLANG_WARN__DUPLICATE_METHOD_MATCH = YES;
				CODE_SIGN_IDENTITY = "iPhone Developer";
				COPY_PHASE_STRIP = NO;
				DEBUG_INFORMATION_FORMAT = "dwarf-with-dsym";
				ENABLE_NS_ASSERTIONS = NO;
				ENABLE_STRICT_OBJC_MSGSEND = YES;
				GCC_C_LANGUAGE_STANDARD = gnu11;
				GCC_NO_COMMON_BLOCKS = YES;
				GCC_WARN_64_TO_32_BIT_CONVERSION = YES;
				GCC_WARN_ABOUT_RETURN_TYPE = YES_ERROR;
				GCC_WARN_UNDECLARED_SELECTOR = YES;
				GCC_WARN_UNINITIALIZED_AUTOS = YES_AGGRESSIVE;
				GCC_WARN_UNUSED_FUNCTION = YES;
				GCC_WARN_UNUSED_VARIABLE = YES;
				IPHONEOS_DEPLOYMENT_TARGET = 11.4;
				MTL_ENABLE_DEBUG_INFO = NO;
				SDKROOT = iphoneos;
				SWIFT_COMPILATION_MODE = wholemodule;
				SWIFT_OPTIMIZATION_LEVEL = "-O";
				VALIDATE_PRODUCT = YES;
			};
			name = Release;
		};
		50B8116121415B8800356CAA /* Debug */ = {
			isa = XCBuildConfiguration;
			baseConfigurationReference = CB0FA52631F540482678E31A /* Pods-Fake_Tumblr.debug.xcconfig */;
			buildSettings = {
				ASSETCATALOG_COMPILER_APPICON_NAME = AppIcon;
				CODE_SIGN_STYLE = Automatic;
				DEVELOPMENT_TEAM = 6922PB386G;
				INFOPLIST_FILE = Fake_Tumblr/Info.plist;
				LD_RUNPATH_SEARCH_PATHS = (
					"$(inherited)",
					"@executable_path/Frameworks",
				);
				PRODUCT_BUNDLE_IDENTIFIER = "com.working.Fake-Tumblr";
				PRODUCT_NAME = "$(TARGET_NAME)";
				SWIFT_VERSION = 4.0;
				TARGETED_DEVICE_FAMILY = "1,2";
			};
			name = Debug;
		};
		50B8116221415B8800356CAA /* Release */ = {
			isa = XCBuildConfiguration;
			baseConfigurationReference = 0C9A7A71AFE34C671E7316B7 /* Pods-Fake_Tumblr.release.xcconfig */;
			buildSettings = {
				ASSETCATALOG_COMPILER_APPICON_NAME = AppIcon;
				CODE_SIGN_STYLE = Automatic;
				DEVELOPMENT_TEAM = 6922PB386G;
				INFOPLIST_FILE = Fake_Tumblr/Info.plist;
				LD_RUNPATH_SEARCH_PATHS = (
					"$(inherited)",
					"@executable_path/Frameworks",
				);
				PRODUCT_BUNDLE_IDENTIFIER = "com.working.Fake-Tumblr";
				PRODUCT_NAME = "$(TARGET_NAME)";
				SWIFT_VERSION = 4.0;
				TARGETED_DEVICE_FAMILY = "1,2";
			};
			name = Release;
		};
		50B8116421415B8800356CAA /* Debug */ = {
			isa = XCBuildConfiguration;
			baseConfigurationReference = 1E3A7DB369C0BE99245E6BAC /* Pods-Fake_TumblrTests.debug.xcconfig */;
			buildSettings = {
				ALWAYS_EMBED_SWIFT_STANDARD_LIBRARIES = YES;
				BUNDLE_LOADER = "$(TEST_HOST)";
				CODE_SIGN_STYLE = Automatic;
				DEVELOPMENT_TEAM = 6922PB386G;
				INFOPLIST_FILE = Fake_TumblrTests/Info.plist;
				LD_RUNPATH_SEARCH_PATHS = (
					"$(inherited)",
					"@executable_path/Frameworks",
					"@loader_path/Frameworks",
				);
				PRODUCT_BUNDLE_IDENTIFIER = "com.working.Fake-TumblrTests";
				PRODUCT_NAME = "$(TARGET_NAME)";
				SWIFT_VERSION = 4.0;
				TARGETED_DEVICE_FAMILY = "1,2";
				TEST_HOST = "$(BUILT_PRODUCTS_DIR)/Fake_Tumblr.app/Fake_Tumblr";
			};
			name = Debug;
		};
		50B8116521415B8800356CAA /* Release */ = {
			isa = XCBuildConfiguration;
			baseConfigurationReference = 137F7F7DAC1FEBE2B7E5B370 /* Pods-Fake_TumblrTests.release.xcconfig */;
			buildSettings = {
				ALWAYS_EMBED_SWIFT_STANDARD_LIBRARIES = YES;
				BUNDLE_LOADER = "$(TEST_HOST)";
				CODE_SIGN_STYLE = Automatic;
				DEVELOPMENT_TEAM = 6922PB386G;
				INFOPLIST_FILE = Fake_TumblrTests/Info.plist;
				LD_RUNPATH_SEARCH_PATHS = (
					"$(inherited)",
					"@executable_path/Frameworks",
					"@loader_path/Frameworks",
				);
				PRODUCT_BUNDLE_IDENTIFIER = "com.working.Fake-TumblrTests";
				PRODUCT_NAME = "$(TARGET_NAME)";
				SWIFT_VERSION = 4.0;
				TARGETED_DEVICE_FAMILY = "1,2";
				TEST_HOST = "$(BUILT_PRODUCTS_DIR)/Fake_Tumblr.app/Fake_Tumblr";
			};
			name = Release;
		};
		50B8116721415B8800356CAA /* Debug */ = {
			isa = XCBuildConfiguration;
			baseConfigurationReference = 8EB21963129DE36538A59A82 /* Pods-Fake_TumblrUITests.debug.xcconfig */;
			buildSettings = {
				ALWAYS_EMBED_SWIFT_STANDARD_LIBRARIES = YES;
				CODE_SIGN_STYLE = Automatic;
				DEVELOPMENT_TEAM = 6922PB386G;
				INFOPLIST_FILE = Fake_TumblrUITests/Info.plist;
				LD_RUNPATH_SEARCH_PATHS = (
					"$(inherited)",
					"@executable_path/Frameworks",
					"@loader_path/Frameworks",
				);
				PRODUCT_BUNDLE_IDENTIFIER = "com.working.Fake-TumblrUITests";
				PRODUCT_NAME = "$(TARGET_NAME)";
				SWIFT_VERSION = 4.0;
				TARGETED_DEVICE_FAMILY = "1,2";
				TEST_TARGET_NAME = Fake_Tumblr;
			};
			name = Debug;
		};
		50B8116821415B8800356CAA /* Release */ = {
			isa = XCBuildConfiguration;
			baseConfigurationReference = 372CB607B1D060F39B73742D /* Pods-Fake_TumblrUITests.release.xcconfig */;
			buildSettings = {
				ALWAYS_EMBED_SWIFT_STANDARD_LIBRARIES = YES;
				CODE_SIGN_STYLE = Automatic;
				DEVELOPMENT_TEAM = 6922PB386G;
				INFOPLIST_FILE = Fake_TumblrUITests/Info.plist;
				LD_RUNPATH_SEARCH_PATHS = (
					"$(inherited)",
					"@executable_path/Frameworks",
					"@loader_path/Frameworks",
				);
				PRODUCT_BUNDLE_IDENTIFIER = "com.working.Fake-TumblrUITests";
				PRODUCT_NAME = "$(TARGET_NAME)";
				SWIFT_VERSION = 4.0;
				TARGETED_DEVICE_FAMILY = "1,2";
				TEST_TARGET_NAME = Fake_Tumblr;
			};
			name = Release;
		};
/* End XCBuildConfiguration section */

/* Begin XCConfigurationList section */
		50B8113321415B8700356CAA /* Build configuration list for PBXProject "Fake_Tumblr" */ = {
			isa = XCConfigurationList;
			buildConfigurations = (
				50B8115E21415B8800356CAA /* Debug */,
				50B8115F21415B8800356CAA /* Release */,
			);
			defaultConfigurationIsVisible = 0;
			defaultConfigurationName = Release;
		};
		50B8116021415B8800356CAA /* Build configuration list for PBXNativeTarget "Fake_Tumblr" */ = {
			isa = XCConfigurationList;
			buildConfigurations = (
				50B8116121415B8800356CAA /* Debug */,
				50B8116221415B8800356CAA /* Release */,
			);
			defaultConfigurationIsVisible = 0;
			defaultConfigurationName = Release;
		};
		50B8116321415B8800356CAA /* Build configuration list for PBXNativeTarget "Fake_TumblrTests" */ = {
			isa = XCConfigurationList;
			buildConfigurations = (
				50B8116421415B8800356CAA /* Debug */,
				50B8116521415B8800356CAA /* Release */,
			);
			defaultConfigurationIsVisible = 0;
			defaultConfigurationName = Release;
		};
		50B8116621415B8800356CAA /* Build configuration list for PBXNativeTarget "Fake_TumblrUITests" */ = {
			isa = XCConfigurationList;
			buildConfigurations = (
				50B8116721415B8800356CAA /* Debug */,
				50B8116821415B8800356CAA /* Release */,
			);
			defaultConfigurationIsVisible = 0;
			defaultConfigurationName = Release;
		};
/* End XCConfigurationList section */
	};
	rootObject = 50B8113021415B8700356CAA /* Project object */;
}
